
Microsoft Visual Studio Solution File, Format Version 12.00
# Visual Studio Version 17
VisualStudioVersion = 17.4.33122.133
MinimumVisualStudioVersion = 10.0.40219.1
Project("{FAE04EC0-301F-11D3-BF4B-00C04F79EFBC}") = "Estructuras_Repetitivas_Marisa", "Estructuras_Repetitivas_Marisa\Estructuras_Repetitivas_Marisa.csproj", "{5BEDA601-254B-4E91-BBDF-D9759BBAA4A0}"
EndProject
Global
	GlobalSection(SolutionConfigurationPlatforms) = preSolution
		Debug|Any CPU = Debug|Any CPU
		Release|Any CPU = Release|Any CPU
	EndGlobalSection
	GlobalSection(ProjectConfigurationPlatforms) = postSolution
		{5BEDA601-254B-4E91-BBDF-D9759BBAA4A0}.Debug|Any CPU.ActiveCfg = Debug|Any CPU
		{5BEDA601-254B-4E91-BBDF-D9759BBAA4A0}.Debug|Any CPU.Build.0 = Debug|Any CPU
		{5BEDA601-254B-4E91-BBDF-D9759BBAA4A0}.Release|Any CPU.ActiveCfg = Release|Any CPU
		{5BEDA601-254B-4E91-BBDF-D9759BBAA4A0}.Release|Any CPU.Build.0 = Release|Any CPU
	EndGlobalSection
	GlobalSection(SolutionProperties) = preSolution
		HideSolutionNode = FALSE
	EndGlobalSection
	GlobalSection(ExtensibilityGlobals) = postSolution
		SolutionGuid = {A82D9804-E57B-4AC6-8998-E318C3E04E0B}
	EndGlobalSection
EndGlobal
